
Microsoft Visual Studio Solution File, Format Version 12.00
# Visual Studio Version 17
VisualStudioVersion = 17.9.34622.214
MinimumVisualStudioVersion = 10.0.40219.1
Project("{9A19103F-16F7-4668-BE54-9A1E7A4F7556}") = "IG_Train.Web", "IG_Train.Web\IG_Train.Web.csproj", "{47A71D25-2ED7-4A56-AE6D-D960BA62BA21}"
EndProject
Project("{9A19103F-16F7-4668-BE54-9A1E7A4F7556}") = "IG_Train.Domain", "IG_Train.Domain\IG_Train.Domain.csproj", "{D3BA346D-D5A5-4FA3-88CC-C11B61BC5327}"
EndProject
Project("{2150E333-8FDC-42A3-9474-1A3956D46DE8}") = "src", "src", "{39E07CF9-04B9-4EA5-8F9C-279EC855329A}"
EndProject
Project("{2150E333-8FDC-42A3-9474-1A3956D46DE8}") = "tests", "tests", "{F63EC3B8-6997-49C5-AF3F-AB9D39311224}"
EndProject
Project("{9A19103F-16F7-4668-BE54-9A1E7A4F7556}") = "IG_Train.Infrastructure", "IG_Train.Infrastructure\IG_Train.Infrastructure.csproj", "{0FFD24BE-FC7D-49D6-9B69-B84967EE76D7}"
EndProject
Project("{9A19103F-16F7-4668-BE54-9A1E7A4F7556}") = "IG_Train.Contracts", "IG_Train.Contracts\IG_Train.Contracts.csproj", "{FEC0A3ED-206C-408A-9FBB-4F86BA87A8D6}"
EndProject
Project("{E53339B2-1760-4266-BCC7-CA923CBCF16C}") = "docker-compose", "docker-compose.dcproj", "{A58E1524-D0F4-4DC8-83D0-A39E706CFFA4}"
EndProject
Project("{9A19103F-16F7-4668-BE54-9A1E7A4F7556}") = "IG_Train.Application", "..\IG_Train.Application\IG_Train.Application.csproj", "{C5ADE773-6746-4A8A-8217-CBA357B82418}"
EndProject
Project("{FAE04EC0-301F-11D3-BF4B-00C04F79EFBC}") = "IG_Train.Tests", "..\IG_Train.Tests\IG_Train.Tests.csproj", "{EC3AA6E4-F5AA-4630-90CF-71C404CF105E}"
EndProject
Global
	GlobalSection(SolutionConfigurationPlatforms) = preSolution
		Debug|Any CPU = Debug|Any CPU
		Release|Any CPU = Release|Any CPU
	EndGlobalSection
	GlobalSection(ProjectConfigurationPlatforms) = postSolution
		{47A71D25-2ED7-4A56-AE6D-D960BA62BA21}.Debug|Any CPU.ActiveCfg = Debug|Any CPU
		{47A71D25-2ED7-4A56-AE6D-D960BA62BA21}.Debug|Any CPU.Build.0 = Debug|Any CPU
		{47A71D25-2ED7-4A56-AE6D-D960BA62BA21}.Release|Any CPU.ActiveCfg = Release|Any CPU
		{47A71D25-2ED7-4A56-AE6D-D960BA62BA21}.Release|Any CPU.Build.0 = Release|Any CPU
		{D3BA346D-D5A5-4FA3-88CC-C11B61BC5327}.Debug|Any CPU.ActiveCfg = Debug|Any CPU
		{D3BA346D-D5A5-4FA3-88CC-C11B61BC5327}.Debug|Any CPU.Build.0 = Debug|Any CPU
		{D3BA346D-D5A5-4FA3-88CC-C11B61BC5327}.Release|Any CPU.ActiveCfg = Release|Any CPU
		{D3BA346D-D5A5-4FA3-88CC-C11B61BC5327}.Release|Any CPU.Build.0 = Release|Any CPU
		{0FFD24BE-FC7D-49D6-9B69-B84967EE76D7}.Debug|Any CPU.ActiveCfg = Debug|Any CPU
		{0FFD24BE-FC7D-49D6-9B69-B84967EE76D7}.Debug|Any CPU.Build.0 = Debug|Any CPU
		{0FFD24BE-FC7D-49D6-9B69-B84967EE76D7}.Release|Any CPU.ActiveCfg = Release|Any CPU
		{0FFD24BE-FC7D-49D6-9B69-B84967EE76D7}.Release|Any CPU.Build.0 = Release|Any CPU
		{FEC0A3ED-206C-408A-9FBB-4F86BA87A8D6}.Debug|Any CPU.ActiveCfg = Debug|Any CPU
		{FEC0A3ED-206C-408A-9FBB-4F86BA87A8D6}.Debug|Any CPU.Build.0 = Debug|Any CPU
		{FEC0A3ED-206C-408A-9FBB-4F86BA87A8D6}.Release|Any CPU.ActiveCfg = Release|Any CPU
		{FEC0A3ED-206C-408A-9FBB-4F86BA87A8D6}.Release|Any CPU.Build.0 = Release|Any CPU
		{A58E1524-D0F4-4DC8-83D0-A39E706CFFA4}.Debug|Any CPU.ActiveCfg = Debug|Any CPU
		{A58E1524-D0F4-4DC8-83D0-A39E706CFFA4}.Debug|Any CPU.Build.0 = Debug|Any CPU
		{A58E1524-D0F4-4DC8-83D0-A39E706CFFA4}.Release|Any CPU.ActiveCfg = Release|Any CPU
		{A58E1524-D0F4-4DC8-83D0-A39E706CFFA4}.Release|Any CPU.Build.0 = Release|Any CPU
		{C5ADE773-6746-4A8A-8217-CBA357B82418}.Debug|Any CPU.ActiveCfg = Debug|Any CPU
		{C5ADE773-6746-4A8A-8217-CBA357B82418}.Debug|Any CPU.Build.0 = Debug|Any CPU
		{C5ADE773-6746-4A8A-8217-CBA357B82418}.Release|Any CPU.ActiveCfg = Release|Any CPU
		{C5ADE773-6746-4A8A-8217-CBA357B82418}.Release|Any CPU.Build.0 = Release|Any CPU
		{EC3AA6E4-F5AA-4630-90CF-71C404CF105E}.Debug|Any CPU.ActiveCfg = Debug|Any CPU
		{EC3AA6E4-F5AA-4630-90CF-71C404CF105E}.Debug|Any CPU.Build.0 = Debug|Any CPU
		{EC3AA6E4-F5AA-4630-90CF-71C404CF105E}.Release|Any CPU.ActiveCfg = Release|Any CPU
		{EC3AA6E4-F5AA-4630-90CF-71C404CF105E}.Release|Any CPU.Build.0 = Release|Any CPU
	EndGlobalSection
	GlobalSection(SolutionProperties) = preSolution
		HideSolutionNode = FALSE
	EndGlobalSection
	GlobalSection(NestedProjects) = preSolution
		{47A71D25-2ED7-4A56-AE6D-D960BA62BA21} = {39E07CF9-04B9-4EA5-8F9C-279EC855329A}
		{D3BA346D-D5A5-4FA3-88CC-C11B61BC5327} = {39E07CF9-04B9-4EA5-8F9C-279EC855329A}
		{0FFD24BE-FC7D-49D6-9B69-B84967EE76D7} = {39E07CF9-04B9-4EA5-8F9C-279EC855329A}
		{FEC0A3ED-206C-408A-9FBB-4F86BA87A8D6} = {39E07CF9-04B9-4EA5-8F9C-279EC855329A}
		{C5ADE773-6746-4A8A-8217-CBA357B82418} = {39E07CF9-04B9-4EA5-8F9C-279EC855329A}
		{EC3AA6E4-F5AA-4630-90CF-71C404CF105E} = {F63EC3B8-6997-49C5-AF3F-AB9D39311224}
	EndGlobalSection
	GlobalSection(ExtensibilityGlobals) = postSolution
		SolutionGuid = {44EC2E30-96C7-4B95-92C7-752207C72AD4}
	EndGlobalSection
EndGlobal
