
Microsoft Visual Studio Solution File, Format Version 12.00
# Visual Studio Version 17
VisualStudioVersion = 17.9.34622.214
MinimumVisualStudioVersion = 10.0.40219.1
Project("{E53339B2-1760-4266-BCC7-CA923CBCF16C}") = "docker-compose", "docker-compose.dcproj", "{A58E1524-D0F4-4DC8-83D0-A39E706CFFA4}"
EndProject
Project("{2150E333-8FDC-42A3-9474-1A3956D46DE8}") = "test", "test", "{CC113E63-28F0-4CB4-92F4-E700BE1ED600}"
EndProject
Project("{9A19103F-16F7-4668-BE54-9A1E7A4F7556}") = "IG_Train.Domain", "src\IG_Train.Domain\IG_Train.Domain.csproj", "{0C9A8431-7164-4E63-AD38-AD5266B99946}"
EndProject
Project("{2150E333-8FDC-42A3-9474-1A3956D46DE8}") = "src", "src", "{D469AD40-C179-4060-8291-0B02B833A6D0}"
EndProject
Project("{9A19103F-16F7-4668-BE54-9A1E7A4F7556}") = "IG_Train.Application", "src\IG_Train.Application\IG_Train.Application.csproj", "{F824C435-0408-468E-B49B-8634C01F0444}"
EndProject
Project("{9A19103F-16F7-4668-BE54-9A1E7A4F7556}") = "IG_Train.Infrastructure", "src\IG_Train.Infrastructure\IG_Train.Infrastructure.csproj", "{4E0D6667-2254-4B79-8E59-980F8DB1499B}"
EndProject
Project("{9A19103F-16F7-4668-BE54-9A1E7A4F7556}") = "IG_Train.Web", "src\IG_Train.Web\IG_Train.Web.csproj", "{BB2ABBC4-7132-4326-8EAC-6003F9B7A75B}"
EndProject
Project("{FAE04EC0-301F-11D3-BF4B-00C04F79EFBC}") = "IG_Train.Tests.Unit", "test\IG_Train.Tests.Unit\IG_Train.Tests.Unit.csproj", "{927B2706-783C-4BC1-9072-C824BAB222E7}"
EndProject
Global
	GlobalSection(SolutionConfigurationPlatforms) = preSolution
		Debug|Any CPU = Debug|Any CPU
		Release|Any CPU = Release|Any CPU
	EndGlobalSection
	GlobalSection(ProjectConfigurationPlatforms) = postSolution
		{A58E1524-D0F4-4DC8-83D0-A39E706CFFA4}.Debug|Any CPU.ActiveCfg = Debug|Any CPU
		{A58E1524-D0F4-4DC8-83D0-A39E706CFFA4}.Debug|Any CPU.Build.0 = Debug|Any CPU
		{A58E1524-D0F4-4DC8-83D0-A39E706CFFA4}.Release|Any CPU.ActiveCfg = Release|Any CPU
		{A58E1524-D0F4-4DC8-83D0-A39E706CFFA4}.Release|Any CPU.Build.0 = Release|Any CPU
		{0C9A8431-7164-4E63-AD38-AD5266B99946}.Debug|Any CPU.ActiveCfg = Debug|Any CPU
		{0C9A8431-7164-4E63-AD38-AD5266B99946}.Debug|Any CPU.Build.0 = Debug|Any CPU
		{0C9A8431-7164-4E63-AD38-AD5266B99946}.Release|Any CPU.ActiveCfg = Release|Any CPU
		{0C9A8431-7164-4E63-AD38-AD5266B99946}.Release|Any CPU.Build.0 = Release|Any CPU
		{F824C435-0408-468E-B49B-8634C01F0444}.Debug|Any CPU.ActiveCfg = Debug|Any CPU
		{F824C435-0408-468E-B49B-8634C01F0444}.Debug|Any CPU.Build.0 = Debug|Any CPU
		{F824C435-0408-468E-B49B-8634C01F0444}.Release|Any CPU.ActiveCfg = Release|Any CPU
		{F824C435-0408-468E-B49B-8634C01F0444}.Release|Any CPU.Build.0 = Release|Any CPU
		{4E0D6667-2254-4B79-8E59-980F8DB1499B}.Debug|Any CPU.ActiveCfg = Debug|Any CPU
		{4E0D6667-2254-4B79-8E59-980F8DB1499B}.Debug|Any CPU.Build.0 = Debug|Any CPU
		{4E0D6667-2254-4B79-8E59-980F8DB1499B}.Release|Any CPU.ActiveCfg = Release|Any CPU
		{4E0D6667-2254-4B79-8E59-980F8DB1499B}.Release|Any CPU.Build.0 = Release|Any CPU
		{BB2ABBC4-7132-4326-8EAC-6003F9B7A75B}.Debug|Any CPU.ActiveCfg = Debug|Any CPU
		{BB2ABBC4-7132-4326-8EAC-6003F9B7A75B}.Debug|Any CPU.Build.0 = Debug|Any CPU
		{BB2ABBC4-7132-4326-8EAC-6003F9B7A75B}.Release|Any CPU.ActiveCfg = Release|Any CPU
		{BB2ABBC4-7132-4326-8EAC-6003F9B7A75B}.Release|Any CPU.Build.0 = Release|Any CPU
		{927B2706-783C-4BC1-9072-C824BAB222E7}.Debug|Any CPU.ActiveCfg = Debug|Any CPU
		{927B2706-783C-4BC1-9072-C824BAB222E7}.Debug|Any CPU.Build.0 = Debug|Any CPU
		{927B2706-783C-4BC1-9072-C824BAB222E7}.Release|Any CPU.ActiveCfg = Release|Any CPU
		{927B2706-783C-4BC1-9072-C824BAB222E7}.Release|Any CPU.Build.0 = Release|Any CPU
	EndGlobalSection
	GlobalSection(SolutionProperties) = preSolution
		HideSolutionNode = FALSE
	EndGlobalSection
	GlobalSection(NestedProjects) = preSolution
		{0C9A8431-7164-4E63-AD38-AD5266B99946} = {D469AD40-C179-4060-8291-0B02B833A6D0}
		{F824C435-0408-468E-B49B-8634C01F0444} = {D469AD40-C179-4060-8291-0B02B833A6D0}
		{4E0D6667-2254-4B79-8E59-980F8DB1499B} = {D469AD40-C179-4060-8291-0B02B833A6D0}
		{BB2ABBC4-7132-4326-8EAC-6003F9B7A75B} = {D469AD40-C179-4060-8291-0B02B833A6D0}
		{927B2706-783C-4BC1-9072-C824BAB222E7} = {CC113E63-28F0-4CB4-92F4-E700BE1ED600}
	EndGlobalSection
	GlobalSection(ExtensibilityGlobals) = postSolution
		SolutionGuid = {44EC2E30-96C7-4B95-92C7-752207C72AD4}
	EndGlobalSection
EndGlobal
